{
  "name": "vd-ui-automation-dependencies",
  "version": "1.0.0",
  "lockfileVersion": 1,
  "requires": true,
  "dependencies": {
    "protractor-stop-describe-on-failure": {
      "version": "1.0.4",
      "resolved": "https://registry.npmjs.org/protractor-stop-describe-on-failure/-/protractor-stop-describe-on-failure-1.0.4.tgz",
      "integrity": "sha512-P6yiPMY1d27RQ6i5dmMInu/4gdvUAz0YlfI336bR6iwAYKXJtk9+JzSRy9K9uBOOin9z6vD32DaOol7mcvdcRg=="
    }
  }
}
